
Microsoft Visual Studio Solution File, Format Version 12.00
# Visual Studio Version 17
VisualStudioVersion = 17.7.34009.444
MinimumVisualStudioVersion = 10.0.40219.1
Project("{9A19103F-16F7-4668-BE54-9A1E7A4F7556}") = "HomeCalendar", "HomeCalendar\HomeCalendar.csproj", "{200A0289-7533-418C-84C8-969B55E0BB9B}"
EndProject
Project("{9A19103F-16F7-4668-BE54-9A1E7A4F7556}") = "TestProject_Calendar", "TestProject_Calendar\TestProject_Calendar.csproj", "{87EEF33E-3CD2-4DC9-93F9-78DF82AE38C0}"
EndProject
Global
	GlobalSection(SolutionConfigurationPlatforms) = preSolution
		Debug|Any CPU = Debug|Any CPU
		Debug|x64 = Debug|x64
		Release|Any CPU = Release|Any CPU
		Release|x64 = Release|x64
	EndGlobalSection
	GlobalSection(ProjectConfigurationPlatforms) = postSolution
		{200A0289-7533-418C-84C8-969B55E0BB9B}.Debug|Any CPU.ActiveCfg = Debug|Any CPU
		{200A0289-7533-418C-84C8-969B55E0BB9B}.Debug|Any CPU.Build.0 = Debug|Any CPU
		{200A0289-7533-418C-84C8-969B55E0BB9B}.Debug|x64.ActiveCfg = Debug|x64
		{200A0289-7533-418C-84C8-969B55E0BB9B}.Debug|x64.Build.0 = Debug|x64
		{200A0289-7533-418C-84C8-969B55E0BB9B}.Release|Any CPU.ActiveCfg = Release|Any CPU
		{200A0289-7533-418C-84C8-969B55E0BB9B}.Release|Any CPU.Build.0 = Release|Any CPU
		{200A0289-7533-418C-84C8-969B55E0BB9B}.Release|x64.ActiveCfg = Release|x64
		{200A0289-7533-418C-84C8-969B55E0BB9B}.Release|x64.Build.0 = Release|x64
		{87EEF33E-3CD2-4DC9-93F9-78DF82AE38C0}.Debug|Any CPU.ActiveCfg = Debug|Any CPU
		{87EEF33E-3CD2-4DC9-93F9-78DF82AE38C0}.Debug|Any CPU.Build.0 = Debug|Any CPU
		{87EEF33E-3CD2-4DC9-93F9-78DF82AE38C0}.Debug|x64.ActiveCfg = Debug|x64
		{87EEF33E-3CD2-4DC9-93F9-78DF82AE38C0}.Debug|x64.Build.0 = Debug|x64
		{87EEF33E-3CD2-4DC9-93F9-78DF82AE38C0}.Release|Any CPU.ActiveCfg = Release|Any CPU
		{87EEF33E-3CD2-4DC9-93F9-78DF82AE38C0}.Release|Any CPU.Build.0 = Release|Any CPU
		{87EEF33E-3CD2-4DC9-93F9-78DF82AE38C0}.Release|x64.ActiveCfg = Release|x64
		{87EEF33E-3CD2-4DC9-93F9-78DF82AE38C0}.Release|x64.Build.0 = Release|x64
	EndGlobalSection
	GlobalSection(SolutionProperties) = preSolution
		HideSolutionNode = FALSE
	EndGlobalSection
	GlobalSection(ExtensibilityGlobals) = postSolution
		SolutionGuid = {4D4E2C03-B30C-4BAC-BA91-A1076450C076}
	EndGlobalSection
EndGlobal
